[[package]]
name = "core"
source = "path+from-root-9000D08E03D0E7FC"

[[package]]
name = "igp"
source = "member"
dependencies = ["std"]

[[package]]
name = "interfaces"
source = "member"
dependencies = [
    "message",
    "standards git+https://github.com/FuelLabs/sway-standards?tag=v0.5.0#348f7175df4c012b23c86cdb18aab79025ca1f18",
    "std",
    "sway_libs git+https://github.com/fuellabs/sway-libs?tag=v0.22.0#172adbbcc36e561a56c5820209445f86f0856bfc",
]

[[package]]
name = "ism-test"
source = "member"
dependencies = [
    "interfaces",
    "message",
    "std",
]

[[package]]
name = "mailbox"
source = "member"
dependencies = [
    "interfaces",
    "merkle",
    "message",
    "standards git+https://github.com/FuelLabs/sway-standards?tag=v0.5.0#348f7175df4c012b23c86cdb18aab79025ca1f18",
    "std",
    "sway_libs git+https://github.com/fuellabs/sway-libs?tag=v0.22.0#172adbbcc36e561a56c5820209445f86f0856bfc",
]

[[package]]
name = "merkle"
source = "member"
dependencies = ["std"]

[[package]]
name = "message"
source = "member"
dependencies = [
    "std",
    "std_lib_extended",
]

[[package]]
name = "mock-post-dispatch"
source = "member"
dependencies = [
    "interfaces",
    "std",
]

[[package]]
name = "msg-recipient-test"
source = "member"
dependencies = [
    "interfaces",
    "std",
]

[[package]]
name = "standards"
source = "git+https://github.com/FuelLabs/sway-standards?branch=master#ade6077a83657498deb2f9bf46aa02ced03c3b01"
dependencies = ["std"]

[[package]]
name = "standards"
source = "git+https://github.com/FuelLabs/sway-standards?tag=v0.5.0#348f7175df4c012b23c86cdb18aab79025ca1f18"
dependencies = ["std"]

[[package]]
name = "std"
source = "git+https://github.com/fuellabs/sway?rev#efda0397c7bee77de73bd726ec0b732d57614973"
dependencies = ["core"]

[[package]]
name = "std_lib_extended"
source = "member"
dependencies = ["std"]

[[package]]
name = "storagemapvec"
source = "git+https://github.com/FuelLabs/sway-libs?tag=v0.8.0#f6bb5c234e020d556e1bc688e0f1f368dc9b0f9a"
dependencies = ["std"]

[[package]]
name = "sway_libs"
source = "git+https://github.com/fuellabs/sway-libs?branch=master#2a869c583d2ab9fbe8de17a3301d928b224062c7"
dependencies = [
    "standards git+https://github.com/FuelLabs/sway-standards?tag=v0.5.0#348f7175df4c012b23c86cdb18aab79025ca1f18",
    "std",
]

[[package]]
name = "sway_libs"
source = "git+https://github.com/fuellabs/sway-libs?tag=v0.22.0#172adbbcc36e561a56c5820209445f86f0856bfc"
dependencies = [
    "standards git+https://github.com/FuelLabs/sway-standards?tag=v0.5.0#348f7175df4c012b23c86cdb18aab79025ca1f18",
    "std",
]

[[package]]
name = "validator-announce"
source = "member"
dependencies = [
    "interfaces",
    "standards git+https://github.com/FuelLabs/sway-standards?branch=master#ade6077a83657498deb2f9bf46aa02ced03c3b01",
    "std",
    "std_lib_extended",
    "storagemapvec",
    "sway_libs git+https://github.com/fuellabs/sway-libs?branch=master#2a869c583d2ab9fbe8de17a3301d928b224062c7",
]
